
Microsoft Visual Studio Solution File, Format Version 12.00
# Visual Studio Version 17
VisualStudioVersion = 17.13.35806.99 d17.13
MinimumVisualStudioVersion = 10.0.40219.1
Project("{FAE04EC0-301F-11D3-BF4B-00C04F79EFBC}") = "LE_ONGJIANGCO", "LE_ONGJIANGCO\LE_ONGJIANGCO.csproj", "{B798BDDC-CA43-43C8-97FC-AFB117DB0D26}"
EndProject
Global
	GlobalSection(SolutionConfigurationPlatforms) = preSolution
		Debug|Any CPU = Debug|Any CPU
		Release|Any CPU = Release|Any CPU
	EndGlobalSection
	GlobalSection(ProjectConfigurationPlatforms) = postSolution
		{B798BDDC-CA43-43C8-97FC-AFB117DB0D26}.Debug|Any CPU.ActiveCfg = Debug|Any CPU
		{B798BDDC-CA43-43C8-97FC-AFB117DB0D26}.Debug|Any CPU.Build.0 = Debug|Any CPU
		{B798BDDC-CA43-43C8-97FC-AFB117DB0D26}.Release|Any CPU.ActiveCfg = Release|Any CPU
		{B798BDDC-CA43-43C8-97FC-AFB117DB0D26}.Release|Any CPU.Build.0 = Release|Any CPU
	EndGlobalSection
	GlobalSection(SolutionProperties) = preSolution
		HideSolutionNode = FALSE
	EndGlobalSection
	GlobalSection(ExtensibilityGlobals) = postSolution
		SolutionGuid = {217E6B8D-BFDC-4B66-9672-CDFA057A560C}
	EndGlobalSection
EndGlobal
