
Microsoft Visual Studio Solution File, Format Version 12.00
# Visual Studio Version 16
VisualStudioVersion = 16.0.35229.62
MinimumVisualStudioVersion = 10.0.40219.1
Project("{FAE04EC0-301F-11D3-BF4B-00C04F79EFBC}") = "SW1_prob2", "SW1_prob2.csproj", "{EAC9A1B1-4311-4BD8-8928-5CFAFF34D64E}"
EndProject
Global
	GlobalSection(SolutionConfigurationPlatforms) = preSolution
		Debug|Any CPU = Debug|Any CPU
		Release|Any CPU = Release|Any CPU
	EndGlobalSection
	GlobalSection(ProjectConfigurationPlatforms) = postSolution
		{EAC9A1B1-4311-4BD8-8928-5CFAFF34D64E}.Debug|Any CPU.ActiveCfg = Debug|Any CPU
		{EAC9A1B1-4311-4BD8-8928-5CFAFF34D64E}.Debug|Any CPU.Build.0 = Debug|Any CPU
		{EAC9A1B1-4311-4BD8-8928-5CFAFF34D64E}.Release|Any CPU.ActiveCfg = Release|Any CPU
		{EAC9A1B1-4311-4BD8-8928-5CFAFF34D64E}.Release|Any CPU.Build.0 = Release|Any CPU
	EndGlobalSection
	GlobalSection(SolutionProperties) = preSolution
		HideSolutionNode = FALSE
	EndGlobalSection
	GlobalSection(ExtensibilityGlobals) = postSolution
		SolutionGuid = {193FD5CF-893D-451B-A852-3608E5522376}
	EndGlobalSection
EndGlobal
